
Microsoft Visual Studio Solution File, Format Version 12.00
Project("{FAE04EC0-301F-11D3-BF4B-00C04F79EFBC}") = "AvaloniaLocalization", "Source\AvaloniaLocalization\AvaloniaLocalization.csproj", "{A8676150-2D2D-40F5-91C0-28072570F672}"
EndProject
Project("{FAE04EC0-301F-11D3-BF4B-00C04F79EFBC}") = "AvaloniaLocalization.Sample", "Source\AvaloniaLocalization.Sample\AvaloniaLocalization.Sample.csproj", "{1A391531-2C80-4767-8229-A8A84C6C8182}"
EndProject
Global
	GlobalSection(SolutionConfigurationPlatforms) = preSolution
		Debug|Any CPU = Debug|Any CPU
		Release|Any CPU = Release|Any CPU
	EndGlobalSection
	GlobalSection(ProjectConfigurationPlatforms) = postSolution
		{A8676150-2D2D-40F5-91C0-28072570F672}.Debug|Any CPU.ActiveCfg = Debug|Any CPU
		{A8676150-2D2D-40F5-91C0-28072570F672}.Debug|Any CPU.Build.0 = Debug|Any CPU
		{A8676150-2D2D-40F5-91C0-28072570F672}.Release|Any CPU.ActiveCfg = Release|Any CPU
		{A8676150-2D2D-40F5-91C0-28072570F672}.Release|Any CPU.Build.0 = Release|Any CPU
		{1A391531-2C80-4767-8229-A8A84C6C8182}.Debug|Any CPU.ActiveCfg = Debug|Any CPU
		{1A391531-2C80-4767-8229-A8A84C6C8182}.Debug|Any CPU.Build.0 = Debug|Any CPU
		{1A391531-2C80-4767-8229-A8A84C6C8182}.Release|Any CPU.ActiveCfg = Release|Any CPU
		{1A391531-2C80-4767-8229-A8A84C6C8182}.Release|Any CPU.Build.0 = Release|Any CPU
	EndGlobalSection
EndGlobal
